
Microsoft Visual Studio Solution File, Format Version 12.00
# Visual Studio Version 17
VisualStudioVersion = 17.2.32526.322
MinimumVisualStudioVersion = 10.0.40219.1
Project("{FAE04EC0-301F-11D3-BF4B-00C04F79EFBC}") = "TestProject", "TestProject.csproj", "{518A0616-7D31-4E32-AE3A-C96CAB51233F}"
EndProject
Global
	GlobalSection(SolutionConfigurationPlatforms) = preSolution
		Debug|Any CPU = Debug|Any CPU
		Release|Any CPU = Release|Any CPU
	EndGlobalSection
	GlobalSection(ProjectConfigurationPlatforms) = postSolution
		{518A0616-7D31-4E32-AE3A-C96CAB51233F}.Debug|Any CPU.ActiveCfg = Debug|Any CPU
		{518A0616-7D31-4E32-AE3A-C96CAB51233F}.Debug|Any CPU.Build.0 = Debug|Any CPU
		{518A0616-7D31-4E32-AE3A-C96CAB51233F}.Release|Any CPU.ActiveCfg = Release|Any CPU
		{518A0616-7D31-4E32-AE3A-C96CAB51233F}.Release|Any CPU.Build.0 = Release|Any CPU
	EndGlobalSection
	GlobalSection(SolutionProperties) = preSolution
		HideSolutionNode = FALSE
	EndGlobalSection
	GlobalSection(ExtensibilityGlobals) = postSolution
		SolutionGuid = {ECB15FD8-E49F-4102-B783-8E59F3B0EE8F}
	EndGlobalSection
EndGlobal
